// !$*UTF8*$!
{
	archiveVersion = 1;
	classes = {
	};
	objectVersion = 45;
	objects = {

/* Begin PBXBuildFile section */
		1D3623260D0F684500981E51 /* RadarLoveAppDelegate.m in Sources */ = {isa = PBXBuildFile; fileRef = 1D3623250D0F684500981E51 /* RadarLoveAppDelegate.m */; };
		1D60589B0D05DD56006BFB54 /* main.m in Sources */ = {isa = PBXBuildFile; fileRef = 29B97316FDCFA39411CA2CEA /* main.m */; };
		1D60589F0D05DD5A006BFB54 /* Foundation.framework in Frameworks */ = {isa = PBXBuildFile; fileRef = 1D30AB110D05D00D00671497 /* Foundation.framework */; };
		1DF5F4E00D08C38300B7A737 /* UIKit.framework in Frameworks */ = {isa = PBXBuildFile; fileRef = 1DF5F4DF0D08C38300B7A737 /* UIKit.framework */; };
		2899E5220DE3E06400AC0155 /* RadarLoveViewController.xib in Resources */ = {isa = PBXBuildFile; fileRef = 2899E5210DE3E06400AC0155 /* RadarLoveViewController.xib */; };
		28AD733F0D9D9553002E5188 /* MainWindow.xib in Resources */ = {isa = PBXBuildFile; fileRef = 28AD733E0D9D9553002E5188 /* MainWindow.xib */; };
		28D7ACF80DDB3853001CB0EB /* RadarLoveViewController.m in Sources */ = {isa = PBXBuildFile; fileRef = 28D7ACF70DDB3853001CB0EB /* RadarLoveViewController.m */; };
		2CCAB20F12DE2B9800F1008B /* CoreLocation.framework in Frameworks */ = {isa = PBXBuildFile; fileRef = 2CCAB20E12DE2B9800F1008B /* CoreLocation.framework */; };
		2CCAB4D912E3A68D00F1008B /* NSObject+SBJSON.m in Sources */ = {isa = PBXBuildFile; fileRef = 2CCAB4D012E3A68D00F1008B /* NSObject+SBJSON.m */; };
		2CCAB4DA12E3A68D00F1008B /* NSString+SBJSON.m in Sources */ = {isa = PBXBuildFile; fileRef = 2CCAB4D212E3A68D00F1008B /* NSString+SBJSON.m */; };
		2CCAB4DB12E3A68D00F1008B /* SBJsonBase.m in Sources */ = {isa = PBXBuildFile; fileRef = 2CCAB4D412E3A68D00F1008B /* SBJsonBase.m */; };
		2CCAB4DC12E3A68D00F1008B /* SBJsonParser.m in Sources */ = {isa = PBXBuildFile; fileRef = 2CCAB4D612E3A68D00F1008B /* SBJsonParser.m */; };
		2CCAB4DD12E3A68D00F1008B /* SBJsonWriter.m in Sources */ = {isa = PBXBuildFile; fileRef = 2CCAB4D812E3A68D00F1008B /* SBJsonWriter.m */; };
		2CCAB70812E3BAAC00F1008B /* AudioToolbox.framework in Frameworks */ = {isa = PBXBuildFile; fileRef = 2CCAB70712E3BAAC00F1008B /* AudioToolbox.framework */; };
		2CCAB74E12E3C5CE00F1008B /* Settings.bundle in Resources */ = {isa = PBXBuildFile; fileRef = 2CCAB74D12E3C5CE00F1008B /* Settings.bundle */; };
		2CCAB90212E68BD200F1008B /* RadarLoveConfig.m in Sources */ = {isa = PBXBuildFile; fileRef = 2CCAB90012E68BD200F1008B /* RadarLoveConfig.m */; };
		2CCAB90312E68BD200F1008B /* RadarLoveConfig.xib in Resources */ = {isa = PBXBuildFile; fileRef = 2CCAB90112E68BD200F1008B /* RadarLoveConfig.xib */; };
/* End PBXBuildFile section */

/* Begin PBXFileReference section */
		1D30AB110D05D00D00671497 /* Foundation.framework */ = {isa = PBXFileReference; lastKnownFileType = wrapper.framework; name = Foundation.framework; path = System/Library/Frameworks/Foundation.framework; sourceTree = SDKROOT; };
		1D3623240D0F684500981E51 /* RadarLoveAppDelegate.h */ = {isa = PBXFileReference; fileEncoding = 4; lastKnownFileType = sourcecode.c.h; path = RadarLoveAppDelegate.h; sourceTree = "<group>"; };
		1D3623250D0F684500981E51 /* RadarLoveAppDelegate.m */ = {isa = PBXFileReference; fileEncoding = 4; lastKnownFileType = sourcecode.c.objc; path = RadarLoveAppDelegate.m; sourceTree = "<group>"; };
		1D6058910D05DD3D006BFB54 /* RadarLove.app */ = {isa = PBXFileReference; explicitFileType = wrapper.application; includeInIndex = 0; path = RadarLove.app; sourceTree = BUILT_PRODUCTS_DIR; };
		1DF5F4DF0D08C38300B7A737 /* UIKit.framework */ = {isa = PBXFileReference; lastKnownFileType = wrapper.framework; name = UIKit.framework; path = System/Library/Frameworks/UIKit.framework; sourceTree = SDKROOT; };
		2899E5210DE3E06400AC0155 /* RadarLoveViewController.xib */ = {isa = PBXFileReference; lastKnownFileType = file.xib; path = RadarLoveViewController.xib; sourceTree = "<group>"; };
		28AD733E0D9D9553002E5188 /* MainWindow.xib */ = {isa = PBXFileReference; lastKnownFileType = file.xib; path = MainWindow.xib; sourceTree = "<group>"; };
		28D7ACF60DDB3853001CB0EB /* RadarLoveViewController.h */ = {isa = PBXFileReference; fileEncoding = 4; lastKnownFileType = sourcecode.c.h; path = RadarLoveViewController.h; sourceTree = "<group>"; };
		28D7ACF70DDB3853001CB0EB /* RadarLoveViewController.m */ = {isa = PBXFileReference; fileEncoding = 4; lastKnownFileType = sourcecode.c.objc; path = RadarLoveViewController.m; sourceTree = "<group>"; };
		29B97316FDCFA39411CA2CEA /* main.m */ = {isa = PBXFileReference; fileEncoding = 4; lastKnownFileType = sourcecode.c.objc; path = main.m; sourceTree = "<group>"; };
		2CCAB20E12DE2B9800F1008B /* CoreLocation.framework */ = {isa = PBXFileReference; lastKnownFileType = wrapper.framework; name = CoreLocation.framework; path = System/Library/Frameworks/CoreLocation.framework; sourceTree = SDKROOT; };
		2CCAB4CE12E3A68D00F1008B /* JSON.h */ = {isa = PBXFileReference; fileEncoding = 4; lastKnownFileType = sourcecode.c.h; path = JSON.h; sourceTree = "<group>"; };
		2CCAB4CF12E3A68D00F1008B /* NSObject+SBJSON.h */ = {isa = PBXFileReference; fileEncoding = 4; lastKnownFileType = sourcecode.c.h; path = "NSObject+SBJSON.h"; sourceTree = "<group>"; };
		2CCAB4D012E3A68D00F1008B /* NSObject+SBJSON.m */ = {isa = PBXFileReference; fileEncoding = 4; lastKnownFileType = sourcecode.c.objc; path = "NSObject+SBJSON.m"; sourceTree = "<group>"; };
		2CCAB4D112E3A68D00F1008B /* NSString+SBJSON.h */ = {isa = PBXFileReference; fileEncoding = 4; lastKnownFileType = sourcecode.c.h; path = "NSString+SBJSON.h"; sourceTree = "<group>"; };
		2CCAB4D212E3A68D00F1008B /* NSString+SBJSON.m */ = {isa = PBXFileReference; fileEncoding = 4; lastKnownFileType = sourcecode.c.objc; path = "NSString+SBJSON.m"; sourceTree = "<group>"; };
		2CCAB4D312E3A68D00F1008B /* SBJsonBase.h */ = {isa = PBXFileReference; fileEncoding = 4; lastKnownFileType = sourcecode.c.h; path = SBJsonBase.h; sourceTree = "<group>"; };
		2CCAB4D412E3A68D00F1008B /* SBJsonBase.m */ = {isa = PBXFileReference; fileEncoding = 4; lastKnownFileType = sourcecode.c.objc; path = SBJsonBase.m; sourceTree = "<group>"; };
		2CCAB4D512E3A68D00F1008B /* SBJsonParser.h */ = {isa = PBXFileReference; fileEncoding = 4; lastKnownFileType = sourcecode.c.h; path = SBJsonParser.h; sourceTree = "<group>"; };
		2CCAB4D612E3A68D00F1008B /* SBJsonParser.m */ = {isa = PBXFileReference; fileEncoding = 4; lastKnownFileType = sourcecode.c.objc; path = SBJsonParser.m; sourceTree = "<group>"; };
		2CCAB4D712E3A68D00F1008B /* SBJsonWriter.h */ = {isa = PBXFileReference; fileEncoding = 4; lastKnownFileType = sourcecode.c.h; path = SBJsonWriter.h; sourceTree = "<group>"; };
		2CCAB4D812E3A68D00F1008B /* SBJsonWriter.m */ = {isa = PBXFileReference; fileEncoding = 4; lastKnownFileType = sourcecode.c.objc; path = SBJsonWriter.m; sourceTree = "<group>"; };
		2CCAB70712E3BAAC00F1008B /* AudioToolbox.framework */ = {isa = PBXFileReference; lastKnownFileType = wrapper.framework; name = AudioToolbox.framework; path = System/Library/Frameworks/AudioToolbox.framework; sourceTree = SDKROOT; };
		2CCAB74D12E3C5CE00F1008B /* Settings.bundle */ = {isa = PBXFileReference; lastKnownFileType = "wrapper.plug-in"; name = Settings.bundle; path = JSON/Settings.bundle; sourceTree = "<group>"; };
		2CCAB8FF12E68BD200F1008B /* RadarLoveConfig.h */ = {isa = PBXFileReference; fileEncoding = 4; lastKnownFileType = sourcecode.c.h; path = RadarLoveConfig.h; sourceTree = "<group>"; };
		2CCAB90012E68BD200F1008B /* RadarLoveConfig.m */ = {isa = PBXFileReference; fileEncoding = 4; lastKnownFileType = sourcecode.c.objc; path = RadarLoveConfig.m; sourceTree = "<group>"; };
		2CCAB90112E68BD200F1008B /* RadarLoveConfig.xib */ = {isa = PBXFileReference; lastKnownFileType = file.xib; name = RadarLoveConfig.xib; path = Classes/RadarLoveConfig.xib; sourceTree = "<group>"; };
		32CA4F630368D1EE00C91783 /* RadarLove_Prefix.pch */ = {isa = PBXFileReference; fileEncoding = 4; lastKnownFileType = sourcecode.c.h; path = RadarLove_Prefix.pch; sourceTree = "<group>"; };
		8D1107310486CEB800E47090 /* RadarLove-Info.plist */ = {isa = PBXFileReference; fileEncoding = 4; lastKnownFileType = text.plist.xml; path = "RadarLove-Info.plist"; plistStructureDefinitionIdentifier = "com.apple.xcode.plist.structure-definition.iphone.info-plist"; sourceTree = "<group>"; };
/* End PBXFileReference section */

/* Begin PBXFrameworksBuildPhase section */
		1D60588F0D05DD3D006BFB54 /* Frameworks */ = {
			isa = PBXFrameworksBuildPhase;
			buildActionMask = 2147483647;
			files = (
				1D60589F0D05DD5A006BFB54 /* Foundation.framework in Frameworks */,
				1DF5F4E00D08C38300B7A737 /* UIKit.framework in Frameworks */,
				2CCAB20F12DE2B9800F1008B /* CoreLocation.framework in Frameworks */,
				2CCAB70812E3BAAC00F1008B /* AudioToolbox.framework in Frameworks */,
			);
			runOnlyForDeploymentPostprocessing = 0;
		};
/* End PBXFrameworksBuildPhase section */

/* Begin PBXGroup section */
		080E96DDFE201D6D7F000001 /* Classes */ = {
			isa = PBXGroup;
			children = (
				2CCAB8FF12E68BD200F1008B /* RadarLoveConfig.h */,
				2CCAB90012E68BD200F1008B /* RadarLoveConfig.m */,
				1D3623240D0F684500981E51 /* RadarLoveAppDelegate.h */,
				1D3623250D0F684500981E51 /* RadarLoveAppDelegate.m */,
				28D7ACF60DDB3853001CB0EB /* RadarLoveViewController.h */,
				28D7ACF70DDB3853001CB0EB /* RadarLoveViewController.m */,
			);
			path = Classes;
			sourceTree = "<group>";
		};
		19C28FACFE9D520D11CA2CBB /* Products */ = {
			isa = PBXGroup;
			children = (
				1D6058910D05DD3D006BFB54 /* RadarLove.app */,
			);
			name = Products;
			sourceTree = "<group>";
		};
		29B97314FDCFA39411CA2CEA /* CustomTemplate */ = {
			isa = PBXGroup;
			children = (
				2CCAB4CD12E3A68D00F1008B /* JSON */,
				080E96DDFE201D6D7F000001 /* Classes */,
				29B97315FDCFA39411CA2CEA /* Other Sources */,
				29B97317FDCFA39411CA2CEA /* Resources */,
				29B97323FDCFA39411CA2CEA /* Frameworks */,
				19C28FACFE9D520D11CA2CBB /* Products */,
			);
			name = CustomTemplate;
			sourceTree = "<group>";
		};
		29B97315FDCFA39411CA2CEA /* Other Sources */ = {
			isa = PBXGroup;
			children = (
				32CA4F630368D1EE00C91783 /* RadarLove_Prefix.pch */,
				29B97316FDCFA39411CA2CEA /* main.m */,
			);
			name = "Other Sources";
			sourceTree = "<group>";
		};
		29B97317FDCFA39411CA2CEA /* Resources */ = {
			isa = PBXGroup;
			children = (
				2CCAB74D12E3C5CE00F1008B /* Settings.bundle */,
				2899E5210DE3E06400AC0155 /* RadarLoveViewController.xib */,
				2CCAB90112E68BD200F1008B /* RadarLoveConfig.xib */,
				28AD733E0D9D9553002E5188 /* MainWindow.xib */,
				8D1107310486CEB800E47090 /* RadarLove-Info.plist */,
			);
			name = Resources;
			sourceTree = "<group>";
		};
		29B97323FDCFA39411CA2CEA /* Frameworks */ = {
			isa = PBXGroup;
			children = (
				2CCAB20E12DE2B9800F1008B /* CoreLocation.framework */,
				1DF5F4DF0D08C38300B7A737 /* UIKit.framework */,
				1D30AB110D05D00D00671497 /* Foundation.framework */,
				2CCAB70712E3BAAC00F1008B /* AudioToolbox.framework */,
			);
			name = Frameworks;
			sourceTree = "<group>";
		};
		2CCAB4CD12E3A68D00F1008B /* JSON */ = {
			isa = PBXGroup;
			children = (
				2CCAB4CE12E3A68D00F1008B /* JSON.h */,
				2CCAB4CF12E3A68D00F1008B /* NSObject+SBJSON.h */,
				2CCAB4D012E3A68D00F1008B /* NSObject+SBJSON.m */,
				2CCAB4D112E3A68D00F1008B /* NSString+SBJSON.h */,
				2CCAB4D212E3A68D00F1008B /* NSString+SBJSON.m */,
				2CCAB4D312E3A68D00F1008B /* SBJsonBase.h */,
				2CCAB4D412E3A68D00F1008B /* SBJsonBase.m */,
				2CCAB4D512E3A68D00F1008B /* SBJsonParser.h */,
				2CCAB4D612E3A68D00F1008B /* SBJsonParser.m */,
				2CCAB4D712E3A68D00F1008B /* SBJsonWriter.h */,
				2CCAB4D812E3A68D00F1008B /* SBJsonWriter.m */,
			);
			path = JSON;
			sourceTree = "<group>";
		};
/* End PBXGroup section */

/* Begin PBXNativeTarget section */
		1D6058900D05DD3D006BFB54 /* RadarLove */ = {
			isa = PBXNativeTarget;
			buildConfigurationList = 1D6058960D05DD3E006BFB54 /* Build configuration list for PBXNativeTarget "RadarLove" */;
			buildPhases = (
				1D60588D0D05DD3D006BFB54 /* Resources */,
				1D60588E0D05DD3D006BFB54 /* Sources */,
				1D60588F0D05DD3D006BFB54 /* Frameworks */,
			);
			buildRules = (
			);
			dependencies = (
			);
			name = RadarLove;
			productName = RadarLove;
			productReference = 1D6058910D05DD3D006BFB54 /* RadarLove.app */;
			productType = "com.apple.product-type.application";
		};
/* End PBXNativeTarget section */

/* Begin PBXProject section */
		29B97313FDCFA39411CA2CEA /* Project object */ = {
			isa = PBXProject;
			buildConfigurationList = C01FCF4E08A954540054247B /* Build configuration list for PBXProject "RadarLove" */;
			compatibilityVersion = "Xcode 3.1";
			developmentRegion = English;
			hasScannedForEncodings = 1;
			knownRegions = (
				English,
				Japanese,
				French,
				German,
			);
			mainGroup = 29B97314FDCFA39411CA2CEA /* CustomTemplate */;
			projectDirPath = "";
			projectRoot = "";
			targets = (
				1D6058900D05DD3D006BFB54 /* RadarLove */,
			);
		};
/* End PBXProject section */

/* Begin PBXResourcesBuildPhase section */
		1D60588D0D05DD3D006BFB54 /* Resources */ = {
			isa = PBXResourcesBuildPhase;
			buildActionMask = 2147483647;
			files = (
				28AD733F0D9D9553002E5188 /* MainWindow.xib in Resources */,
				2899E5220DE3E06400AC0155 /* RadarLoveViewController.xib in Resources */,
				2CCAB74E12E3C5CE00F1008B /* Settings.bundle in Resources */,
				2CCAB90312E68BD200F1008B /* RadarLoveConfig.xib in Resources */,
			);
			runOnlyForDeploymentPostprocessing = 0;
		};
/* End PBXResourcesBuildPhase section */

/* Begin PBXSourcesBuildPhase section */
		1D60588E0D05DD3D006BFB54 /* Sources */ = {
			isa = PBXSourcesBuildPhase;
			buildActionMask = 2147483647;
			files = (
				1D60589B0D05DD56006BFB54 /* main.m in Sources */,
				1D3623260D0F684500981E51 /* RadarLoveAppDelegate.m in Sources */,
				28D7ACF80DDB3853001CB0EB /* RadarLoveViewController.m in Sources */,
				2CCAB4D912E3A68D00F1008B /* NSObject+SBJSON.m in Sources */,
				2CCAB4DA12E3A68D00F1008B /* NSString+SBJSON.m in Sources */,
				2CCAB4DB12E3A68D00F1008B /* SBJsonBase.m in Sources */,
				2CCAB4DC12E3A68D00F1008B /* SBJsonParser.m in Sources */,
				2CCAB4DD12E3A68D00F1008B /* SBJsonWriter.m in Sources */,
				2CCAB90212E68BD200F1008B /* RadarLoveConfig.m in Sources */,
			);
			runOnlyForDeploymentPostprocessing = 0;
		};
/* End PBXSourcesBuildPhase section */

/* Begin XCBuildConfiguration section */
		1D6058940D05DD3E006BFB54 /* Debug */ = {
			isa = XCBuildConfiguration;
			buildSettings = {
				ALWAYS_SEARCH_USER_PATHS = NO;
				COPY_PHASE_STRIP = NO;
				GCC_DYNAMIC_NO_PIC = NO;
				GCC_OPTIMIZATION_LEVEL = 0;
				GCC_PRECOMPILE_PREFIX_HEADER = YES;
				GCC_PREFIX_HEADER = RadarLove_Prefix.pch;
				INFOPLIST_FILE = "RadarLove-Info.plist";
				PRODUCT_NAME = RadarLove;
			};
			name = Debug;
		};
		1D6058950D05DD3E006BFB54 /* Release */ = {
			isa = XCBuildConfiguration;
			buildSettings = {
				ALWAYS_SEARCH_USER_PATHS = NO;
				COPY_PHASE_STRIP = YES;
				GCC_PRECOMPILE_PREFIX_HEADER = YES;
				GCC_PREFIX_HEADER = RadarLove_Prefix.pch;
				INFOPLIST_FILE = "RadarLove-Info.plist";
				PRODUCT_NAME = RadarLove;
				VALIDATE_PRODUCT = YES;
			};
			name = Release;
		};
		C01FCF4F08A954540054247B /* Debug */ = {
			isa = XCBuildConfiguration;
			buildSettings = {
				ARCHS = "$(ARCHS_STANDARD_32_BIT)";
				"CODE_SIGN_IDENTITY[sdk=iphoneos*]" = "iPhone Developer";
				GCC_C_LANGUAGE_STANDARD = c99;
				GCC_WARN_ABOUT_RETURN_TYPE = YES;
				GCC_WARN_UNUSED_VARIABLE = YES;
				PREBINDING = NO;
				SDKROOT = iphoneos;
			};
			name = Debug;
		};
		C01FCF5008A954540054247B /* Release */ = {
			isa = XCBuildConfiguration;
			buildSettings = {
				ARCHS = "$(ARCHS_STANDARD_32_BIT)";
				"CODE_SIGN_IDENTITY[sdk=iphoneos*]" = "iPhone Developer";
				GCC_C_LANGUAGE_STANDARD = c99;
				GCC_WARN_ABOUT_RETURN_TYPE = YES;
				GCC_WARN_UNUSED_VARIABLE = YES;
				OTHER_CFLAGS = "-DNS_BLOCK_ASSERTIONS=1";
				PREBINDING = NO;
				SDKROOT = iphoneos;
			};
			name = Release;
		};
/* End XCBuildConfiguration section */

/* Begin XCConfigurationList section */
		1D6058960D05DD3E006BFB54 /* Build configuration list for PBXNativeTarget "RadarLove" */ = {
			isa = XCConfigurationList;
			buildConfigurations = (
				1D6058940D05DD3E006BFB54 /* Debug */,
				1D6058950D05DD3E006BFB54 /* Release */,
			);
			defaultConfigurationIsVisible = 0;
			defaultConfigurationName = Release;
		};
		C01FCF4E08A954540054247B /* Build configuration list for PBXProject "RadarLove" */ = {
			isa = XCConfigurationList;
			buildConfigurations = (
				C01FCF4F08A954540054247B /* Debug */,
				C01FCF5008A954540054247B /* Release */,
			);
			defaultConfigurationIsVisible = 0;
			defaultConfigurationName = Release;
		};
/* End XCConfigurationList section */
	};
	rootObject = 29B97313FDCFA39411CA2CEA /* Project object */;
}
